// !$*UTF8*$!
{
	archiveVersion = 1;
	classes = {
	};
	objectVersion = 77;
	objects = {

/* Begin PBXBuildFile section */
		18999BB412AAB3920ED23FC0 /* StatusBarController.swift in Sources */ = {isa = PBXBuildFile; fileRef = 46A5AB6AFB8F28849D518BAF /* StatusBarController.swift */; };
		2764AF53725D33590F9D5915 /* LandingView.swift in Sources */ = {isa = PBXBuildFile; fileRef = C6A35D58F231B0390F5C595B /* LandingView.swift */; };
		2B14A904CFF6CC30E804434D /* ContentView.swift in Sources */ = {isa = PBXBuildFile; fileRef = 8FC82E353746CED7D6CA3EC9 /* ContentView.swift */; };
		3E68328B1CFD1EEBC8FEFAB5 /* LocalizationHelper.swift in Sources */ = {isa = PBXBuildFile; fileRef = 7398D015F8C47F0F6F125DF0 /* LocalizationHelper.swift */; };
		6C5E7EEDCBE435D06F512BC4 /* MarkdownEditorView.swift in Sources */ = {isa = PBXBuildFile; fileRef = 7A4967B3A2337443E1F3CFB9 /* MarkdownEditorView.swift */; };
		73853D73183B592E5AC4307B /* AppSettings.swift in Sources */ = {isa = PBXBuildFile; fileRef = 822747ECDF31DC0FF2953524 /* AppSettings.swift */; };
		7B33B25CE9C78A7072364FD4 /* editor.html in Resources */ = {isa = PBXBuildFile; fileRef = 10EC6C1F0E029E2712046485 /* editor.html */; };
		8BB6783892280E78AABB41D7 /* marked.min.js in Resources */ = {isa = PBXBuildFile; fileRef = 826CEF8FC6010268C63E1895 /* marked.min.js */; };
		BA2E720DC486D0B454520638 /* NotesStore.swift in Sources */ = {isa = PBXBuildFile; fileRef = 1318AA66AC13FCF99D02E7AA /* NotesStore.swift */; };
		C61611B436D89D89CD584662 /* Sparkle in Frameworks */ = {isa = PBXBuildFile; productRef = B46206482AA56575A23BC3ED /* Sparkle */; };
		D3548113BBA7CEE1B5392460 /* SettingsView.swift in Sources */ = {isa = PBXBuildFile; fileRef = EAE972A773706F561A1133BD /* SettingsView.swift */; };
		DFF32408141A3AD3680A2251 /* Assets.xcassets in Resources */ = {isa = PBXBuildFile; fileRef = 1F54744E9B1E04A7FA83CE34 /* Assets.xcassets */; };
		E46425D8099702DC0330884B /* editor-bundle.js in Resources */ = {isa = PBXBuildFile; fileRef = 5773EA048BC37CB2433B71BD /* editor-bundle.js */; };
		EA1019687EEFE9E4C158AF4D /* MiniNotesApp.swift in Sources */ = {isa = PBXBuildFile; fileRef = 361C46AC0D57AE6C9FE95766 /* MiniNotesApp.swift */; };
		ECC32E6625CB8A9D0D236846 /* AppSettingsView.swift in Sources */ = {isa = PBXBuildFile; fileRef = 90DB8675944E85B73049473E /* AppSettingsView.swift */; };
		F830587420CDF9285CC58E22 /* AppDelegate.swift in Sources */ = {isa = PBXBuildFile; fileRef = 16F52E9A0B2BC2AD6B03146D /* AppDelegate.swift */; };
/* End PBXBuildFile section */

/* Begin PBXFileReference section */
		10EC6C1F0E029E2712046485 /* editor.html */ = {isa = PBXFileReference; lastKnownFileType = text.html; path = editor.html; sourceTree = "<group>"; };
		1318AA66AC13FCF99D02E7AA /* NotesStore.swift */ = {isa = PBXFileReference; lastKnownFileType = sourcecode.swift; path = NotesStore.swift; sourceTree = "<group>"; };
		16F52E9A0B2BC2AD6B03146D /* AppDelegate.swift */ = {isa = PBXFileReference; lastKnownFileType = sourcecode.swift; path = AppDelegate.swift; sourceTree = "<group>"; };
		1F54744E9B1E04A7FA83CE34 /* Assets.xcassets */ = {isa = PBXFileReference; lastKnownFileType = folder.assetcatalog; path = Assets.xcassets; sourceTree = "<group>"; };
		361C46AC0D57AE6C9FE95766 /* MiniNotesApp.swift */ = {isa = PBXFileReference; lastKnownFileType = sourcecode.swift; path = MiniNotesApp.swift; sourceTree = "<group>"; };
		46A5AB6AFB8F28849D518BAF /* StatusBarController.swift */ = {isa = PBXFileReference; lastKnownFileType = sourcecode.swift; path = StatusBarController.swift; sourceTree = "<group>"; };
		5773EA048BC37CB2433B71BD /* editor-bundle.js */ = {isa = PBXFileReference; lastKnownFileType = sourcecode.javascript; path = "editor-bundle.js"; sourceTree = "<group>"; };
		7398D015F8C47F0F6F125DF0 /* LocalizationHelper.swift */ = {isa = PBXFileReference; lastKnownFileType = sourcecode.swift; path = LocalizationHelper.swift; sourceTree = "<group>"; };
		7A4967B3A2337443E1F3CFB9 /* MarkdownEditorView.swift */ = {isa = PBXFileReference; lastKnownFileType = sourcecode.swift; path = MarkdownEditorView.swift; sourceTree = "<group>"; };
		7BB76C72A29854BA9C9A3C39 /* Info.plist */ = {isa = PBXFileReference; lastKnownFileType = text.plist; path = Info.plist; sourceTree = "<group>"; };
		822747ECDF31DC0FF2953524 /* AppSettings.swift */ = {isa = PBXFileReference; lastKnownFileType = sourcecode.swift; path = AppSettings.swift; sourceTree = "<group>"; };
		826CEF8FC6010268C63E1895 /* marked.min.js */ = {isa = PBXFileReference; lastKnownFileType = sourcecode.javascript; path = marked.min.js; sourceTree = "<group>"; };
		8FC82E353746CED7D6CA3EC9 /* ContentView.swift */ = {isa = PBXFileReference; lastKnownFileType = sourcecode.swift; path = ContentView.swift; sourceTree = "<group>"; };
		90DB8675944E85B73049473E /* AppSettingsView.swift */ = {isa = PBXFileReference; lastKnownFileType = sourcecode.swift; path = AppSettingsView.swift; sourceTree = "<group>"; };
		C6A35D58F231B0390F5C595B /* LandingView.swift */ = {isa = PBXFileReference; lastKnownFileType = sourcecode.swift; path = LandingView.swift; sourceTree = "<group>"; };
		C89DB077C3F292BA098D5603 /* MiniNotes.app */ = {isa = PBXFileReference; explicitFileType = wrapper.application; includeInIndex = 0; path = MiniNotes.app; sourceTree = BUILT_PRODUCTS_DIR; };
		EAE972A773706F561A1133BD /* SettingsView.swift */ = {isa = PBXFileReference; lastKnownFileType = sourcecode.swift; path = SettingsView.swift; sourceTree = "<group>"; };
/* End PBXFileReference section */

/* Begin PBXFrameworksBuildPhase section */
		29C5A0F790946699B06F4997 /* Frameworks */ = {
			isa = PBXFrameworksBuildPhase;
			buildActionMask = 2147483647;
			files = (
				C61611B436D89D89CD584662 /* Sparkle in Frameworks */,
			);
			runOnlyForDeploymentPostprocessing = 0;
		};
/* End PBXFrameworksBuildPhase section */

/* Begin PBXGroup section */
		02EEA06D36A81A92A5BDCDDF /* Products */ = {
			isa = PBXGroup;
			children = (
				C89DB077C3F292BA098D5603 /* MiniNotes.app */,
			);
			name = Products;
			sourceTree = "<group>";
		};
		137EAA47DA21205D4761E146 /* Helpers */ = {
			isa = PBXGroup;
			children = (
				7398D015F8C47F0F6F125DF0 /* LocalizationHelper.swift */,
			);
			path = Helpers;
			sourceTree = "<group>";
		};
		28ED7D318E1E72D980A4906E /* Views */ = {
			isa = PBXGroup;
			children = (
				90DB8675944E85B73049473E /* AppSettingsView.swift */,
				8FC82E353746CED7D6CA3EC9 /* ContentView.swift */,
				C6A35D58F231B0390F5C595B /* LandingView.swift */,
				7A4967B3A2337443E1F3CFB9 /* MarkdownEditorView.swift */,
				EAE972A773706F561A1133BD /* SettingsView.swift */,
			);
			path = Views;
			sourceTree = "<group>";
		};
		54BF0E6CF9449A00729A4DCE /* App */ = {
			isa = PBXGroup;
			children = (
				16F52E9A0B2BC2AD6B03146D /* AppDelegate.swift */,
				361C46AC0D57AE6C9FE95766 /* MiniNotesApp.swift */,
			);
			path = App;
			sourceTree = "<group>";
		};
		54CCA5E995E74F9B92C7A5DB /* MiniNotes */ = {
			isa = PBXGroup;
			children = (
				1F54744E9B1E04A7FA83CE34 /* Assets.xcassets */,
				7BB76C72A29854BA9C9A3C39 /* Info.plist */,
				54BF0E6CF9449A00729A4DCE /* App */,
				137EAA47DA21205D4761E146 /* Helpers */,
				9940C35F25D9A42DDB267525 /* Resources */,
				C3F08C0EE8719159B9D19897 /* StatusBar */,
				CFFCB2271FD79E9AAD65C8D3 /* Store */,
				28ED7D318E1E72D980A4906E /* Views */,
			);
			path = MiniNotes;
			sourceTree = "<group>";
		};
		7E8D38DF09F9E716BB33D2DB = {
			isa = PBXGroup;
			children = (
				54CCA5E995E74F9B92C7A5DB /* MiniNotes */,
				02EEA06D36A81A92A5BDCDDF /* Products */,
			);
			sourceTree = "<group>";
		};
		9940C35F25D9A42DDB267525 /* Resources */ = {
			isa = PBXGroup;
			children = (
				5773EA048BC37CB2433B71BD /* editor-bundle.js */,
				10EC6C1F0E029E2712046485 /* editor.html */,
				826CEF8FC6010268C63E1895 /* marked.min.js */,
			);
			path = Resources;
			sourceTree = "<group>";
		};
		C3F08C0EE8719159B9D19897 /* StatusBar */ = {
			isa = PBXGroup;
			children = (
				46A5AB6AFB8F28849D518BAF /* StatusBarController.swift */,
			);
			path = StatusBar;
			sourceTree = "<group>";
		};
		CFFCB2271FD79E9AAD65C8D3 /* Store */ = {
			isa = PBXGroup;
			children = (
				822747ECDF31DC0FF2953524 /* AppSettings.swift */,
				1318AA66AC13FCF99D02E7AA /* NotesStore.swift */,
			);
			path = Store;
			sourceTree = "<group>";
		};
/* End PBXGroup section */

/* Begin PBXNativeTarget section */
		D234828EDB86ADAB3EC4C43A /* MiniNotes */ = {
			isa = PBXNativeTarget;
			buildConfigurationList = C45A6AF5AAB827577ED0100A /* Build configuration list for PBXNativeTarget "MiniNotes" */;
			buildPhases = (
				08D9C4F6CACCAEE2F3DDDD55 /* Sources */,
				5E8CB8719E717DFE847DDC5F /* Resources */,
				29C5A0F790946699B06F4997 /* Frameworks */,
			);
			buildRules = (
			);
			dependencies = (
			);
			name = MiniNotes;
			packageProductDependencies = (
				B46206482AA56575A23BC3ED /* Sparkle */,
			);
			productName = MiniNotes;
			productReference = C89DB077C3F292BA098D5603 /* MiniNotes.app */;
			productType = "com.apple.product-type.application";
		};
/* End PBXNativeTarget section */

/* Begin PBXProject section */
		1C418A2674808E58F1DBDC06 /* Project object */ = {
			isa = PBXProject;
			attributes = {
				BuildIndependentTargetsInParallel = YES;
				LastUpgradeCheck = 1430;
				TargetAttributes = {
					D234828EDB86ADAB3EC4C43A = {
						ProvisioningStyle = Automatic;
					};
				};
			};
			buildConfigurationList = 92D203D3D98EC85CD4D4205E /* Build configuration list for PBXProject "MiniNotes" */;
			developmentRegion = en;
			hasScannedForEncodings = 0;
			knownRegions = (
				Base,
				en,
			);
			mainGroup = 7E8D38DF09F9E716BB33D2DB;
			minimizedProjectReferenceProxies = 1;
			packageReferences = (
				AD7C7686B7D1378C7514073F /* XCRemoteSwiftPackageReference "Sparkle" */,
			);
			preferredProjectObjectVersion = 77;
			productRefGroup = 02EEA06D36A81A92A5BDCDDF /* Products */;
			projectDirPath = "";
			projectRoot = "";
			targets = (
				D234828EDB86ADAB3EC4C43A /* MiniNotes */,
			);
		};
/* End PBXProject section */

/* Begin PBXResourcesBuildPhase section */
		5E8CB8719E717DFE847DDC5F /* Resources */ = {
			isa = PBXResourcesBuildPhase;
			buildActionMask = 2147483647;
			files = (
				DFF32408141A3AD3680A2251 /* Assets.xcassets in Resources */,
				E46425D8099702DC0330884B /* editor-bundle.js in Resources */,
				7B33B25CE9C78A7072364FD4 /* editor.html in Resources */,
				8BB6783892280E78AABB41D7 /* marked.min.js in Resources */,
			);
			runOnlyForDeploymentPostprocessing = 0;
		};
/* End PBXResourcesBuildPhase section */

/* Begin PBXSourcesBuildPhase section */
		08D9C4F6CACCAEE2F3DDDD55 /* Sources */ = {
			isa = PBXSourcesBuildPhase;
			buildActionMask = 2147483647;
			files = (
				F830587420CDF9285CC58E22 /* AppDelegate.swift in Sources */,
				73853D73183B592E5AC4307B /* AppSettings.swift in Sources */,
				ECC32E6625CB8A9D0D236846 /* AppSettingsView.swift in Sources */,
				2B14A904CFF6CC30E804434D /* ContentView.swift in Sources */,
				2764AF53725D33590F9D5915 /* LandingView.swift in Sources */,
				3E68328B1CFD1EEBC8FEFAB5 /* LocalizationHelper.swift in Sources */,
				6C5E7EEDCBE435D06F512BC4 /* MarkdownEditorView.swift in Sources */,
				EA1019687EEFE9E4C158AF4D /* MiniNotesApp.swift in Sources */,
				BA2E720DC486D0B454520638 /* NotesStore.swift in Sources */,
				D3548113BBA7CEE1B5392460 /* SettingsView.swift in Sources */,
				18999BB412AAB3920ED23FC0 /* StatusBarController.swift in Sources */,
			);
			runOnlyForDeploymentPostprocessing = 0;
		};
/* End PBXSourcesBuildPhase section */

/* Begin XCBuildConfiguration section */
		23777CCA4BD9D603B4B7D49B /* Release */ = {
			isa = XCBuildConfiguration;
			buildSettings = {
				ALWAYS_SEARCH_USER_PATHS = NO;
				CLANG_ANALYZER_NONNULL = YES;
				CLANG_ANALYZER_NUMBER_OBJECT_CONVERSION = YES_AGGRESSIVE;
				CLANG_CXX_LANGUAGE_STANDARD = "gnu++14";
				CLANG_CXX_LIBRARY = "libc++";
				CLANG_ENABLE_MODULES = YES;
				CLANG_ENABLE_OBJC_ARC = YES;
				CLANG_ENABLE_OBJC_WEAK = YES;
				CLANG_WARN_BLOCK_CAPTURE_AUTORELEASING = YES;
				CLANG_WARN_BOOL_CONVERSION = YES;
				CLANG_WARN_COMMA = YES;
				CLANG_WARN_CONSTANT_CONVERSION = YES;
				CLANG_WARN_DEPRECATED_OBJC_IMPLEMENTATIONS = YES;
				CLANG_WARN_DIRECT_OBJC_ISA_USAGE = YES_ERROR;
				CLANG_WARN_DOCUMENTATION_COMMENTS = YES;
				CLANG_WARN_EMPTY_BODY = YES;
				CLANG_WARN_ENUM_CONVERSION = YES;
				CLANG_WARN_INFINITE_RECURSION = YES;
				CLANG_WARN_INT_CONVERSION = YES;
				CLANG_WARN_NON_LITERAL_NULL_CONVERSION = YES;
				CLANG_WARN_OBJC_IMPLICIT_RETAIN_SELF = YES;
				CLANG_WARN_OBJC_LITERAL_CONVERSION = YES;
				CLANG_WARN_OBJC_ROOT_CLASS = YES_ERROR;
				CLANG_WARN_QUOTED_INCLUDE_IN_FRAMEWORK_HEADER = YES;
				CLANG_WARN_RANGE_LOOP_ANALYSIS = YES;
				CLANG_WARN_STRICT_PROTOTYPES = YES;
				CLANG_WARN_SUSPICIOUS_MOVE = YES;
				CLANG_WARN_UNGUARDED_AVAILABILITY = YES_AGGRESSIVE;
				CLANG_WARN_UNREACHABLE_CODE = YES;
				CLANG_WARN__DUPLICATE_METHOD_MATCH = YES;
				COPY_PHASE_STRIP = NO;
				DEBUG_INFORMATION_FORMAT = "dwarf-with-dsym";
				ENABLE_NS_ASSERTIONS = NO;
				ENABLE_STRICT_OBJC_MSGSEND = YES;
				GCC_C_LANGUAGE_STANDARD = gnu11;
				GCC_NO_COMMON_BLOCKS = YES;
				GCC_WARN_64_TO_32_BIT_CONVERSION = YES;
				GCC_WARN_ABOUT_RETURN_TYPE = YES_ERROR;
				GCC_WARN_UNDECLARED_SELECTOR = YES;
				GCC_WARN_UNINITIALIZED_AUTOS = YES_AGGRESSIVE;
				GCC_WARN_UNUSED_FUNCTION = YES;
				GCC_WARN_UNUSED_VARIABLE = YES;
				MACOSX_DEPLOYMENT_TARGET = 13.0;
				MTL_ENABLE_DEBUG_INFO = NO;
				MTL_FAST_MATH = YES;
				PRODUCT_NAME = "$(TARGET_NAME)";
				SDKROOT = macosx;
				SWIFT_COMPILATION_MODE = wholemodule;
				SWIFT_OPTIMIZATION_LEVEL = "-O";
				SWIFT_VERSION = 5.0;
			};
			name = Release;
		};
		890F689E998F04D108B08828 /* Debug */ = {
			isa = XCBuildConfiguration;
			buildSettings = {
				ASSETCATALOG_COMPILER_APPICON_NAME = AppIcon;
				CODE_SIGN_IDENTITY = "-";
				CODE_SIGN_STYLE = Automatic;
				COMBINE_HIDPI_IMAGES = YES;
				CURRENT_PROJECT_VERSION = 0.2.0;
				ENABLE_HARDENED_RUNTIME = NO;
				INFOPLIST_FILE = MiniNotes/Info.plist;
				LD_RUNPATH_SEARCH_PATHS = (
					"$(inherited)",
					"@executable_path/../Frameworks",
				);
				MACOSX_DEPLOYMENT_TARGET = 13.0;
				MARKETING_VERSION = 0.2.0;
				PRODUCT_BUNDLE_IDENTIFIER = com.pingfan.MiniNotes;
				SDKROOT = macosx;
				SWIFT_VERSION = 5.9;
			};
			name = Debug;
		};
		BC3262CE372462FF395E693E /* Debug */ = {
			isa = XCBuildConfiguration;
			buildSettings = {
				ALWAYS_SEARCH_USER_PATHS = NO;
				CLANG_ANALYZER_NONNULL = YES;
				CLANG_ANALYZER_NUMBER_OBJECT_CONVERSION = YES_AGGRESSIVE;
				CLANG_CXX_LANGUAGE_STANDARD = "gnu++14";
				CLANG_CXX_LIBRARY = "libc++";
				CLANG_ENABLE_MODULES = YES;
				CLANG_ENABLE_OBJC_ARC = YES;
				CLANG_ENABLE_OBJC_WEAK = YES;
				CLANG_WARN_BLOCK_CAPTURE_AUTORELEASING = YES;
				CLANG_WARN_BOOL_CONVERSION = YES;
				CLANG_WARN_COMMA = YES;
				CLANG_WARN_CONSTANT_CONVERSION = YES;
				CLANG_WARN_DEPRECATED_OBJC_IMPLEMENTATIONS = YES;
				CLANG_WARN_DIRECT_OBJC_ISA_USAGE = YES_ERROR;
				CLANG_WARN_DOCUMENTATION_COMMENTS = YES;
				CLANG_WARN_EMPTY_BODY = YES;
				CLANG_WARN_ENUM_CONVERSION = YES;
				CLANG_WARN_INFINITE_RECURSION = YES;
				CLANG_WARN_INT_CONVERSION = YES;
				CLANG_WARN_NON_LITERAL_NULL_CONVERSION = YES;
				CLANG_WARN_OBJC_IMPLICIT_RETAIN_SELF = YES;
				CLANG_WARN_OBJC_LITERAL_CONVERSION = YES;
				CLANG_WARN_OBJC_ROOT_CLASS = YES_ERROR;
				CLANG_WARN_QUOTED_INCLUDE_IN_FRAMEWORK_HEADER = YES;
				CLANG_WARN_RANGE_LOOP_ANALYSIS = YES;
				CLANG_WARN_STRICT_PROTOTYPES = YES;
				CLANG_WARN_SUSPICIOUS_MOVE = YES;
				CLANG_WARN_UNGUARDED_AVAILABILITY = YES_AGGRESSIVE;
				CLANG_WARN_UNREACHABLE_CODE = YES;
				CLANG_WARN__DUPLICATE_METHOD_MATCH = YES;
				COPY_PHASE_STRIP = NO;
				DEBUG_INFORMATION_FORMAT = dwarf;
				ENABLE_STRICT_OBJC_MSGSEND = YES;
				ENABLE_TESTABILITY = YES;
				GCC_C_LANGUAGE_STANDARD = gnu11;
				GCC_DYNAMIC_NO_PIC = NO;
				GCC_NO_COMMON_BLOCKS = YES;
				GCC_OPTIMIZATION_LEVEL = 0;
				GCC_PREPROCESSOR_DEFINITIONS = (
					"$(inherited)",
					"DEBUG=1",
				);
				GCC_WARN_64_TO_32_BIT_CONVERSION = YES;
				GCC_WARN_ABOUT_RETURN_TYPE = YES_ERROR;
				GCC_WARN_UNDECLARED_SELECTOR = YES;
				GCC_WARN_UNINITIALIZED_AUTOS = YES_AGGRESSIVE;
				GCC_WARN_UNUSED_FUNCTION = YES;
				GCC_WARN_UNUSED_VARIABLE = YES;
				MACOSX_DEPLOYMENT_TARGET = 13.0;
				MTL_ENABLE_DEBUG_INFO = INCLUDE_SOURCE;
				MTL_FAST_MATH = YES;
				ONLY_ACTIVE_ARCH = YES;
				PRODUCT_NAME = "$(TARGET_NAME)";
				SDKROOT = macosx;
				SWIFT_ACTIVE_COMPILATION_CONDITIONS = DEBUG;
				SWIFT_OPTIMIZATION_LEVEL = "-Onone";
				SWIFT_VERSION = 5.0;
			};
			name = Debug;
		};
		FDC911554B968334A265DEC9 /* Release */ = {
			isa = XCBuildConfiguration;
			buildSettings = {
				ASSETCATALOG_COMPILER_APPICON_NAME = AppIcon;
				CODE_SIGN_IDENTITY = "-";
				CODE_SIGN_STYLE = Automatic;
				COMBINE_HIDPI_IMAGES = YES;
				CURRENT_PROJECT_VERSION = 0.2.0;
				ENABLE_HARDENED_RUNTIME = NO;
				INFOPLIST_FILE = MiniNotes/Info.plist;
				LD_RUNPATH_SEARCH_PATHS = (
					"$(inherited)",
					"@executable_path/../Frameworks",
				);
				MACOSX_DEPLOYMENT_TARGET = 13.0;
				MARKETING_VERSION = 0.2.0;
				PRODUCT_BUNDLE_IDENTIFIER = com.pingfan.MiniNotes;
				SDKROOT = macosx;
				SWIFT_VERSION = 5.9;
			};
			name = Release;
		};
/* End XCBuildConfiguration section */

/* Begin XCConfigurationList section */
		92D203D3D98EC85CD4D4205E /* Build configuration list for PBXProject "MiniNotes" */ = {
			isa = XCConfigurationList;
			buildConfigurations = (
				BC3262CE372462FF395E693E /* Debug */,
				23777CCA4BD9D603B4B7D49B /* Release */,
			);
			defaultConfigurationIsVisible = 0;
			defaultConfigurationName = Debug;
		};
		C45A6AF5AAB827577ED0100A /* Build configuration list for PBXNativeTarget "MiniNotes" */ = {
			isa = XCConfigurationList;
			buildConfigurations = (
				890F689E998F04D108B08828 /* Debug */,
				FDC911554B968334A265DEC9 /* Release */,
			);
			defaultConfigurationIsVisible = 0;
			defaultConfigurationName = Debug;
		};
/* End XCConfigurationList section */

/* Begin XCRemoteSwiftPackageReference section */
		AD7C7686B7D1378C7514073F /* XCRemoteSwiftPackageReference "Sparkle" */ = {
			isa = XCRemoteSwiftPackageReference;
			repositoryURL = "https://github.com/sparkle-project/Sparkle";
			requirement = {
				kind = upToNextMajorVersion;
				minimumVersion = 2.0.0;
			};
		};
/* End XCRemoteSwiftPackageReference section */

/* Begin XCSwiftPackageProductDependency section */
		B46206482AA56575A23BC3ED /* Sparkle */ = {
			isa = XCSwiftPackageProductDependency;
			package = AD7C7686B7D1378C7514073F /* XCRemoteSwiftPackageReference "Sparkle" */;
			productName = Sparkle;
		};
/* End XCSwiftPackageProductDependency section */
	};
	rootObject = 1C418A2674808E58F1DBDC06 /* Project object */;
}
